hash: a880096e0059f26822ccf91abbc56d8228ba905c52c850da3d8bfb9f0b2fa045
updated: 2018-03-01T10:18:23.332544216+06:00
imports:
- name: github.com/docker/distribution
  version: edc3ab29cdff8694dd6feb85cfeb4b5f1b38ed9c
  subpackages:
  - context
  - digestset
  - manifest
  - manifest/schema1
  - manifest/schema2
  - reference
  - uuid
- name: github.com/docker/docker
  version: 4f3616fb1c112e206b88cb7a9922bf49067a7756
  subpackages:
  - api/types
  - api/types/blkiodev
  - api/types/container
  - api/types/filters
  - api/types/mount
  - api/types/network
  - api/types/registry
  - api/types/strslice
  - api/types/swarm
  - api/types/swarm/runtime
  - api/types/versions
- name: github.com/docker/go-connections
  version: 3ede32e2033de7505e6500d6c868c2b9ed9f169d
  subpackages:
  - nat
- name: github.com/docker/go-units
  version: 9e638d38cf6977a37a8ea0078f3ee75a7cdb2dd1
- name: github.com/docker/libtrust
  version: aabc10ec26b754e797f9028f4589c5b7bd90dc20
- name: github.com/emicklei/go-restful
  version: ff4f55a206334ef123e4f79bbf348980da81ca46
  subpackages:
  - log
- name: github.com/fatih/color
  version: 9131ab34cf20d2f6d83fdc67168a5430d1c7dc23
- name: github.com/go-openapi/jsonpointer
  version: 46af16f9f7b149af66e5d1bd010e3574dc06de98
- name: github.com/go-openapi/jsonreference
  version: 13c6e3589ad90f49bd3e3bbe2c2cb3d7a4142272
- name: github.com/go-openapi/spec
  version: 7abd5745472fff5eb3685386d5fb8bf38683154d
- name: github.com/go-openapi/swag
  version: f3f9494671f93fcff853e3c6e9e948b3eb71e590
- name: github.com/gogo/protobuf
  version: c0656edd0d9eab7c66d1eb0c568f9039345796f7
  subpackages:
  - proto
  - sortkeys
- name: github.com/golang/glog
  version: 44145f04b68cf362d9c4df2182967c2275eaefed
- name: github.com/google/gofuzz
  version: 44d81051d367757e1c7c6a5a86423ece9afcf63c
- name: github.com/gorilla/context
  version: 08b5f424b9271eedf6f9f0ce86cb9396ed337a42
- name: github.com/gorilla/mux
  version: 0a192a193177452756c362c20087ddafcf6829c4
- name: github.com/heroku/docker-registry-client
  version: fd2fe803496897db70c236ee244f41487ea92ec2
  subpackages:
  - registry
- name: github.com/hokaccha/go-prettyjson
  version: e6b9231a2b1cc5798b336fdbf99c16cd8ad1e0c9
- name: github.com/mailru/easyjson
  version: 2f5df55504ebc322e4d52d34df6a1f5b503bf26d
  subpackages:
  - buffer
  - jlexer
  - jwriter
- name: github.com/mattn/go-colorable
  version: 5411d3eea5978e6cdc258b30de592b60df6aba96
  repo: https://github.com/mattn/go-colorable
- name: github.com/mattn/go-isatty
  version: 57fdcb988a5c543893cc61bce354a6e24ab70022
  repo: https://github.com/mattn/go-isatty
- name: github.com/opencontainers/go-digest
  version: 279bed98673dd5bef374d3b6e4b09e2af76183bf
- name: github.com/opencontainers/image-spec
  version: 372ad780f63454fbbbbcc7cf80e5b90245c13e13
  subpackages:
  - specs-go
  - specs-go/v1
- name: github.com/PuerkitoBio/purell
  version: 8a290539e2e8629dbc4e6bad948158f790ec31f4
- name: github.com/PuerkitoBio/urlesc
  version: 5bd2802263f21d8788851d5305584c82a5c75d7e
- name: github.com/sirupsen/logrus
  version: 3ec0642a7fb6488f65b06f9040adc67e3990296a
- name: github.com/spf13/pflag
  version: 9ff6c6923cfffbcd502984b8e0c80539a94968b7
- name: github.com/tamalsaha/go-oneliners
  version: 82a97ec58df4809a2bc57ebbbcc1e6a2feb78111
- name: golang.org/x/net
  version: a333c534c871727fb95745870e8b98a69447f2ce
  subpackages:
  - context
  - http2
  - http2/hpack
  - idna
  - lex/httplex
- name: golang.org/x/sys
  version: 8dbc5d05d6edcc104950cc299a1ce6641235bc86
  subpackages:
  - unix
- name: golang.org/x/text
  version: b19bf474d317b857955b12035d2c5acb57ce8b01
  subpackages:
  - cases
  - internal
  - internal/tag
  - language
  - runes
  - secure/bidirule
  - secure/precis
  - transform
  - unicode/bidi
  - unicode/norm
  - width
- name: gopkg.in/inf.v0
  version: 3887ee99ecf07df5b447e9b00d9c0b2adaa9f3e4
- name: gopkg.in/yaml.v2
  version: 53feefa2559fb8dfa8d81baad31be332c97d6c77
- name: k8s.io/api
  version: af4bc157c3a209798fc897f6d4aaaaeb6c2e0d6a
  subpackages:
  - apps/v1
  - apps/v1/deployment
  - apps/v1beta1
  - core/v1
- name: k8s.io/apimachinery
  version: 180eddb345a5be3a157cea1c624700ad5bd27b8f
  subpackages:
  - pkg/api/resource
  - pkg/apis/meta/v1
  - pkg/conversion
  - pkg/conversion/queryparams
  - pkg/fields
  - pkg/labels
  - pkg/runtime
  - pkg/runtime/schema
  - pkg/selection
  - pkg/types
  - pkg/util/errors
  - pkg/util/intstr
  - pkg/util/json
  - pkg/util/net
  - pkg/util/runtime
  - pkg/util/sets
  - pkg/util/validation
  - pkg/util/validation/field
  - pkg/util/wait
  - pkg/watch
  - third_party/forked/golang/reflect
- name: k8s.io/kube-openapi
  version: 39a7bf85c140f972372c2a0d1ee40adbf0c8bfe1
  subpackages:
  - pkg/common
- name: k8s.io/kubernetes
  version: 925c127ec6b946659ad0fd596fa959be43f0cc05
  subpackages:
  - pkg/util/parsers
testImports: []
